
Microsoft Visual Studio Solution File, Format Version 12.00
# Visual Studio Version 16
VisualStudioVersion = 16.0.32228.343
MinimumVisualStudioVersion = 10.0.40219.1
Project("{9A19103F-16F7-4668-BE54-9A1E7A4F7556}") = "MetricsManager", "MetricsManager\MetricsManager.csproj", "{148EE83F-223E-408C-9475-B821B329C831}"
EndProject
Project("{9A19103F-16F7-4668-BE54-9A1E7A4F7556}") = "MetricsManagerTests", "MetricsManagerTests\MetricsManagerTests.csproj", "{AD1B238A-E61E-44E1-9F32-125258C8FCC6}"
EndProject
Project("{FAE04EC0-301F-11D3-BF4B-00C04F79EFBC}") = "MetricsAgent", "MetricsAgent\MetricsAgent.csproj", "{2B2AB9B7-E440-4BBD-A014-D4EB1EB4A04E}"
EndProject
Global
	GlobalSection(SolutionConfigurationPlatforms) = preSolution
		Debug|Any CPU = Debug|Any CPU
		Release|Any CPU = Release|Any CPU
	EndGlobalSection
	GlobalSection(ProjectConfigurationPlatforms) = postSolution
		{148EE83F-223E-408C-9475-B821B329C831}.Debug|Any CPU.ActiveCfg = Debug|Any CPU
		{148EE83F-223E-408C-9475-B821B329C831}.Debug|Any CPU.Build.0 = Debug|Any CPU
		{148EE83F-223E-408C-9475-B821B329C831}.Release|Any CPU.ActiveCfg = Release|Any CPU
		{148EE83F-223E-408C-9475-B821B329C831}.Release|Any CPU.Build.0 = Release|Any CPU
		{AD1B238A-E61E-44E1-9F32-125258C8FCC6}.Debug|Any CPU.ActiveCfg = Debug|Any CPU
		{AD1B238A-E61E-44E1-9F32-125258C8FCC6}.Debug|Any CPU.Build.0 = Debug|Any CPU
		{AD1B238A-E61E-44E1-9F32-125258C8FCC6}.Release|Any CPU.ActiveCfg = Release|Any CPU
		{AD1B238A-E61E-44E1-9F32-125258C8FCC6}.Release|Any CPU.Build.0 = Release|Any CPU
		{2B2AB9B7-E440-4BBD-A014-D4EB1EB4A04E}.Debug|Any CPU.ActiveCfg = Debug|Any CPU
		{2B2AB9B7-E440-4BBD-A014-D4EB1EB4A04E}.Debug|Any CPU.Build.0 = Debug|Any CPU
		{2B2AB9B7-E440-4BBD-A014-D4EB1EB4A04E}.Release|Any CPU.ActiveCfg = Release|Any CPU
		{2B2AB9B7-E440-4BBD-A014-D4EB1EB4A04E}.Release|Any CPU.Build.0 = Release|Any CPU
	EndGlobalSection
	GlobalSection(SolutionProperties) = preSolution
		HideSolutionNode = FALSE
	EndGlobalSection
	GlobalSection(ExtensibilityGlobals) = postSolution
		SolutionGuid = {F5CFD5A4-C6F4-4465-A162-71D1C1E16C12}
		                SolutionGuid = {FD135367-D700-4E89-918A-CD9DEBB5AC27}
	EndGlobalSection
EndGlobal
